
Microsoft Visual Studio Solution File, Format Version 12.00
Project("{FAE04EC0-301F-11D3-BF4B-00C04F79EFBC}") = "CW2-APBD", "CW2-APBD\CW2-APBD.csproj", "{70998108-8D5C-47E3-BF88-82CC0CAF906C}"
EndProject
Global
	GlobalSection(SolutionConfigurationPlatforms) = preSolution
		Debug|Any CPU = Debug|Any CPU
		Release|Any CPU = Release|Any CPU
	EndGlobalSection
	GlobalSection(ProjectConfigurationPlatforms) = postSolution
		{70998108-8D5C-47E3-BF88-82CC0CAF906C}.Debug|Any CPU.ActiveCfg = Debug|Any CPU
		{70998108-8D5C-47E3-BF88-82CC0CAF906C}.Debug|Any CPU.Build.0 = Debug|Any CPU
		{70998108-8D5C-47E3-BF88-82CC0CAF906C}.Release|Any CPU.ActiveCfg = Release|Any CPU
		{70998108-8D5C-47E3-BF88-82CC0CAF906C}.Release|Any CPU.Build.0 = Release|Any CPU
	EndGlobalSection
EndGlobal
